dependencies:
  vue: 3.0.5
devDependencies:
  typescript: 4.1.5
lockfileVersion: 5.2
packages:
  /@babel/helper-validator-identifier/7.12.11:
    dev: false
    resolution:
      integrity: sha512-np/lG3uARFybkoHokJUmf1QfEvRVCPbmQeUQpKow5cQ3xWrV9i3rUHodKDJPQfTVX61qKi+UdYk8kik84n7XOw==
  /@babel/parser/7.12.16:
    dev: false
    engines:
      node: '>=6.0.0'
    hasBin: true
    resolution:
      integrity: sha512-c/+u9cqV6F0+4Hpq01jnJO+GLp2DdT63ppz9Xa+6cHaajM9VFzK/iDXiKK65YtpeVwu+ctfS6iqlMqRgQRzeCw==
  /@babel/types/7.12.13:
    dependencies:
      '@babel/helper-validator-identifier': 7.12.11
      lodash: 4.17.20
      to-fast-properties: 2.0.0
    dev: false
    resolution:
      integrity: sha512-oKrdZTld2im1z8bDwTOQvUbxKwE+854zc16qWZQlcTqMN00pWxHQ4ZeOq0yDMnisOpRykH2/5Qqcrk/OlbAjiQ==
  /@vue/compiler-core/3.0.5:
    dependencies:
      '@babel/parser': 7.12.16
      '@babel/types': 7.12.13
      '@vue/shared': 3.0.5
      estree-walker: 2.0.2
      source-map: 0.6.1
    dev: false
    resolution:
      integrity: sha512-iFXwk2gmU/GGwN4hpBwDWWMLvpkIejf/AybcFtlQ5V1ur+5jwfBaV0Y1RXoR6ePfBPJixtKZ3PmN+M+HgMAtfQ==
  /@vue/compiler-dom/3.0.5:
    dependencies:
      '@vue/compiler-core': 3.0.5
      '@vue/shared': 3.0.5
    dev: false
    resolution:
      integrity: sha512-HSOSe2XSPuCkp20h4+HXSiPH9qkhz6YbW9z9ZtL5vef2T2PMugH7/osIFVSrRZP/Ul5twFZ7MIRlp8tPX6e4/g==
  /@vue/reactivity/3.0.5:
    dependencies:
      '@vue/shared': 3.0.5
    dev: false
    resolution:
      integrity: sha512-3xodUE3sEIJgS7ntwUbopIpzzvi7vDAOjVamfb2l+v1FUg0jpd3gf62N2wggJw3fxBMr+QvyxpD+dBoxLsmAjw==
  /@vue/runtime-core/3.0.5:
    dependencies:
      '@vue/reactivity': 3.0.5
      '@vue/shared': 3.0.5
    dev: false
    resolution:
      integrity: sha512-Cnyi2NqREwOLcTEsIi1DQX1hHtkVj4eGm4hBG7HhokS05DqpK4/80jG6PCCnCH9rIJDB2FqtaODX397210plXg==
  /@vue/runtime-dom/3.0.5:
    dependencies:
      '@vue/runtime-core': 3.0.5
      '@vue/shared': 3.0.5
      csstype: 2.6.14
    dev: false
    resolution:
      integrity: sha512-iilX1KySeIzHHtErT6Y44db1rhWK5tAI0CiJIPr+SJoZ2jbjoOSE6ff/jfIQakchbm1d6jq6VtRVnp5xYdOXKA==
  /@vue/shared/3.0.5:
    dev: false
    resolution:
      integrity: sha512-gYsNoGkWejBxNO6SNRjOh/xKeZ0H0V+TFzaPzODfBjkAIb0aQgBuixC1brandC/CDJy1wYPwSoYrXpvul7m6yw==
  /csstype/2.6.14:
    dev: false
    resolution:
      integrity: sha512-2mSc+VEpGPblzAxyeR+vZhJKgYg0Og0nnRi7pmRXFYYxSfnOnW8A5wwQb4n4cE2nIOzqKOAzLCaEX6aBmNEv8A==
  /estree-walker/2.0.2:
    dev: false
    resolution:
      integrity: sha512-Rfkk/Mp/DL7JVje3u18FxFujQlTNR2q6QfMSMB7AvCBx91NGj/ba3kCfza0f6dVDbw7YlRf/nDrn7pQrCCyQ/w==
  /lodash/4.17.20:
    dev: false
    resolution:
      integrity: sha512-PlhdFcillOINfeV7Ni6oF1TAEayyZBoZ8bcshTHqOYJYlrqzRK5hagpagky5o4HfCzzd1TRkXPMFq6cKk9rGmA==
  /source-map/0.6.1:
    dev: false
    engines:
      node: '>=0.10.0'
    resolution:
      integrity: sha512-UjgapumWlbMhkBgzT7Ykc5YXUT46F0iKu8SGXq0bcwP5dz/h0Plj6enJqjz1Zbq2l5WaqYnrVbwWOWMyF3F47g==
  /to-fast-properties/2.0.0:
    dev: false
    engines:
      node: '>=4'
    resolution:
      integrity: sha1-3F5pjL0HkmW8c+A3doGk5Og/YW4=
  /typescript/4.1.5:
    dev: true
    engines:
      node: '>=4.2.0'
    hasBin: true
    resolution:
      integrity: sha512-6OSu9PTIzmn9TCDiovULTnET6BgXtDYL4Gg4szY+cGsc3JP1dQL8qvE8kShTRx1NIw4Q9IBHlwODjkjWEtMUyA==
  /vue/3.0.5:
    dependencies:
      '@vue/compiler-dom': 3.0.5
      '@vue/runtime-dom': 3.0.5
      '@vue/shared': 3.0.5
    dev: false
    resolution:
      integrity: sha512-TfaprOmtsAfhQau7WsomXZ8d9op/dkQLNIq8qPV3A0Vxs6GR5E+c1rfJS1SDkXRQj+dFyfnec7+U0Be1huiScg==
specifiers:
  typescript: ^4.1.5
  vue: ^3.0.5
